// !$*UTF8*$!
{
	archiveVersion = 1;
	classes = {
	};
	objectVersion = 54;
	objects = {

/* Begin PBXBuildFile section */
		00E356F31AD99517003FC87E /* FishingThemeTests.m in Sources */ = {isa = PBXBuildFile; fileRef = 00E356F21AD99517003FC87E /* FishingThemeTests.m */; };
		0C80B921A6F3F58F76C31292 /* libPods-FishingTheme.a in Frameworks */ = {isa = PBXBuildFile; fileRef = 5DCACB8F33CDC322A6C60F78 /* libPods-FishingTheme.a */; };
		13B07FBC1A68108700A75B9A /* AppDelegate.mm in Sources */ = {isa = PBXBuildFile; fileRef = 13B07FB01A68108700A75B9A /* AppDelegate.mm */; };
		13B07FBF1A68108700A75B9A /* Images.xcassets in Resources */ = {isa = PBXBuildFile; fileRef = 13B07FB51A68108700A75B9A /* Images.xcassets */; };
		13B07FC11A68108700A75B9A /* main.m in Sources */ = {isa = PBXBuildFile; fileRef = 13B07FB71A68108700A75B9A /* main.m */; };
		7699B88040F8A987B510C191 /* libPods-FishingTheme-FishingThemeTests.a in Frameworks */ = {isa = PBXBuildFile; fileRef = 19F6CBCC0A4E27FBF8BF4A61 /* libPods-FishingTheme-FishingThemeTests.a */; };
		81AB9BB82411601600AC10FF /* LaunchScreen.storyboard in Resources */ = {isa = PBXBuildFile; fileRef = 81AB9BB72411601600AC10FF /* LaunchScreen.storyboard */; };
		269EC6741FC945E19224DAE7 /* Montserrat-Black.ttf in Resources */ = {isa = PBXBuildFile; fileRef = 9372C8265F914606922BDB92 /* Montserrat-Black.ttf */; };
		E35EE3ADDA794224813B8C55 /* Montserrat-BlackItalic.ttf in Resources */ = {isa = PBXBuildFile; fileRef = B3AC7B42017D4680BDE02FEC /* Montserrat-BlackItalic.ttf */; };
		FA5618CFE1624F3DBD927160 /* Montserrat-Bold.ttf in Resources */ = {isa = PBXBuildFile; fileRef = 74B604C18E7844A5B91FA369 /* Montserrat-Bold.ttf */; };
		083ECF2812EE4A8EA1832E24 /* Montserrat-BoldItalic.ttf in Resources */ = {isa = PBXBuildFile; fileRef = 40D35CFE30534CF195CE3A82 /* Montserrat-BoldItalic.ttf */; };
		9D91E2C57DA84D019874A926 /* Montserrat-ExtraBold.ttf in Resources */ = {isa = PBXBuildFile; fileRef = 9143EA4F03454EFFB06146F3 /* Montserrat-ExtraBold.ttf */; };
		C85BC17056784ADD8002E280 /* Montserrat-ExtraBoldItalic.ttf in Resources */ = {isa = PBXBuildFile; fileRef = 2A0D03A0C20C46B78FBE7773 /* Montserrat-ExtraBoldItalic.ttf */; };
		3523D960F80E4492937821EE /* Montserrat-ExtraLight.ttf in Resources */ = {isa = PBXBuildFile; fileRef = BB17901061D94FFF9E3D6455 /* Montserrat-ExtraLight.ttf */; };
		F426DBA1E37F4F80A639E237 /* Montserrat-ExtraLightItalic.ttf in Resources */ = {isa = PBXBuildFile; fileRef = B5BB42ED2D974D51A68E3C9B /* Montserrat-ExtraLightItalic.ttf */; };
		D23EBEDB05184DC0951CCF2F /* Montserrat-Italic.ttf in Resources */ = {isa = PBXBuildFile; fileRef = 08E1E71FDCE04996AD0492DC /* Montserrat-Italic.ttf */; };
		ECEF529133264CB7A5D77119 /* Montserrat-Light.ttf in Resources */ = {isa = PBXBuildFile; fileRef = D252A076E56D43638A268E99 /* Montserrat-Light.ttf */; };
		33940299667A4BE49E3A6005 /* Montserrat-LightItalic.ttf in Resources */ = {isa = PBXBuildFile; fileRef = EC783D478AA546909CC402A3 /* Montserrat-LightItalic.ttf */; };
		B6F92C043D7A4C2993788A6E /* Montserrat-Medium.ttf in Resources */ = {isa = PBXBuildFile; fileRef = 64D2527133EB4A1EBCD8558A /* Montserrat-Medium.ttf */; };
		27773DA4D09746858269D463 /* Montserrat-MediumItalic.ttf in Resources */ = {isa = PBXBuildFile; fileRef = 4FF058F5ABAB4570987F7106 /* Montserrat-MediumItalic.ttf */; };
		D59A038B7BF84260AFD87F4F /* Montserrat-Regular.ttf in Resources */ = {isa = PBXBuildFile; fileRef = A02F9C687C8C4EC989B264A1 /* Montserrat-Regular.ttf */; };
		9C029543F23B45DF95930B71 /* Montserrat-SemiBold.ttf in Resources */ = {isa = PBXBuildFile; fileRef = 50D306B8143E4878A004CD0A /* Montserrat-SemiBold.ttf */; };
		992F9C0757E344E6B5613979 /* Montserrat-SemiBoldItalic.ttf in Resources */ = {isa = PBXBuildFile; fileRef = 2335D832C9E5423FA1B92EF1 /* Montserrat-SemiBoldItalic.ttf */; };
		F773E3E7D564477684D166E4 /* Montserrat-Thin.ttf in Resources */ = {isa = PBXBuildFile; fileRef = D171394FF3F6448DBB4BAE28 /* Montserrat-Thin.ttf */; };
		C4439421F02A43F59CB40563 /* Montserrat-ThinItalic.ttf in Resources */ = {isa = PBXBuildFile; fileRef = 04BE9950205C4FBC83C3C248 /* Montserrat-ThinItalic.ttf */; };
		0C75F9E3009248B1867E3917 /* backgroundmusic.mp3 in Resources */ = {isa = PBXBuildFile; fileRef = 54002EEE359C4753815F42BB /* backgroundmusic.mp3 */; };
		F6E3041D6EB54E3E9840EFB5 /* activeinfo.png in Resources */ = {isa = PBXBuildFile; fileRef = 7C48BC467E7D4210816767F0 /* activeinfo.png */; };
		BA043C5EC1E44257BC6F12B3 /* angelfish.png in Resources */ = {isa = PBXBuildFile; fileRef = 3C1871BA0D5940779CAA5ACE /* angelfish.png */; };
		B6BB96BC4F2645868F119415 /* angelfishstory.jpg in Resources */ = {isa = PBXBuildFile; fileRef = A7C18B81B6C74906BD5DFCB8 /* angelfishstory.jpg */; };
		4A4E9CE315DA4111B6521370 /* barracuda.png in Resources */ = {isa = PBXBuildFile; fileRef = C0557E7876964FCEB47F682C /* barracuda.png */; };
		5FA3F130941B43D28832A2C2 /* barracudastory.jpg in Resources */ = {isa = PBXBuildFile; fileRef = 573EB2A563714DFC8C38EEBA /* barracudastory.jpg */; };
		B67FB79EFB7C44EEB234AAE2 /* bookstory.jpeg in Resources */ = {isa = PBXBuildFile; fileRef = 0F8950D657AC45E493A3F496 /* bookstory.jpeg */; };
		272FAF8C4C4B4627BF9043E1 /* catfish.png in Resources */ = {isa = PBXBuildFile; fileRef = 8BCBDBF7F846475DA076E2B5 /* catfish.png */; };
		E78D8EA1C9A141869026456D /* catfishstory.jpg in Resources */ = {isa = PBXBuildFile; fileRef = C067E078360744A0904AED0A /* catfishstory.jpg */; };
		9BC60D9AC8894C0AAD817E99 /* close.png in Resources */ = {isa = PBXBuildFile; fileRef = 0227FF0F578E4F66912FEE89 /* close.png */; };
		5AC472CD4D9D49EEB3556913 /* clownfish.png in Resources */ = {isa = PBXBuildFile; fileRef = 1BC07C5E01C44D6D950AD4B6 /* clownfish.png */; };
		ABC3AC044E2247AB8F063383 /* clownfishstory.jpg in Resources */ = {isa = PBXBuildFile; fileRef = 454221FFCE4C40E288785E22 /* clownfishstory.jpg */; };
		52FBDCFDC5F2474B907C273A /* eye.png in Resources */ = {isa = PBXBuildFile; fileRef = 9C1E3B071F3A492FACE510FB /* eye.png */; };
		36AAE4B444E14776B6F93628 /* fishingbg.png in Resources */ = {isa = PBXBuildFile; fileRef = 542F9B01DB8B4752928667EB /* fishingbg.png */; };
		BD04D96E36844087B8F88EF6 /* goldfish.png in Resources */ = {isa = PBXBuildFile; fileRef = A9581E4E45C04D15A5D8C801 /* goldfish.png */; };
		13B12FD6275A41D0917EF049 /* goldfishstory.jpg in Resources */ = {isa = PBXBuildFile; fileRef = 2BEDEBEA18614FDABC80299B /* goldfishstory.jpg */; };
		70935291B4044D32829C148B /* home.png in Resources */ = {isa = PBXBuildFile; fileRef = 78F979C4757744368CC10D65 /* home.png */; };
		D9B7B29D65F5492D91AD6F25 /* homeactive.png in Resources */ = {isa = PBXBuildFile; fileRef = E650031665534069BBAF4B51 /* homeactive.png */; };
		9C901C48CF2843F68C501A95 /* imageplaceholder.png in Resources */ = {isa = PBXBuildFile; fileRef = A2B5B9A192CE4C25B5E941F4 /* imageplaceholder.png */; };
		F96927035FE44EACB3955910 /* info.png in Resources */ = {isa = PBXBuildFile; fileRef = 9AC92BD313A24CDAA66524E3 /* info.png */; };
		BF5E15FAD7F74094913F315D /* location.png in Resources */ = {isa = PBXBuildFile; fileRef = 51B5CA014DC346C8B7B524B2 /* location.png */; };
		CF3640284B35470C9E841892 /* logo.png in Resources */ = {isa = PBXBuildFile; fileRef = 90179FDBA52C42C09C863C8B /* logo.png */; };
		114485AE75964389BD848204 /* mainmenubg.jpeg in Resources */ = {isa = PBXBuildFile; fileRef = 2E750E9929CB484A96C4DDF6 /* mainmenubg.jpeg */; };
		6D46B0D317A847CA9546B2C1 /* marlin.png in Resources */ = {isa = PBXBuildFile; fileRef = F9F1B80787164D3AA9AEDFE0 /* marlin.png */; };
		20B1A05DEB724FCBAF2806CE /* marlinstory.jpg in Resources */ = {isa = PBXBuildFile; fileRef = 12BB9EA6DF2A418A944D6BB2 /* marlinstory.jpg */; };
		72706F35868A45479D37A878 /* pufferfish.png in Resources */ = {isa = PBXBuildFile; fileRef = 9F0DCDE2E59C487BA941B7E9 /* pufferfish.png */; };
		4B0C56DD64704CB897EED48C /* pufferfishstory.jpg in Resources */ = {isa = PBXBuildFile; fileRef = 10F5BF41EDB44AF694F425A5 /* pufferfishstory.jpg */; };
		662CDCF5098342CE924233B6 /* salmon.png in Resources */ = {isa = PBXBuildFile; fileRef = A41A93A5CCAD4EFAA1F38169 /* salmon.png */; };
		5806B7ECBA5743FBBE2480A1 /* salmonstory.jpg in Resources */ = {isa = PBXBuildFile; fileRef = A052543A8A3A40E79A3D37AC /* salmonstory.jpg */; };
		9675924118C04A189812F9AA /* score.png in Resources */ = {isa = PBXBuildFile; fileRef = D1D75D5817BA4F1894E8C785 /* score.png */; };
		398CBBB6C3D94B499F7E69B5 /* settings.png in Resources */ = {isa = PBXBuildFile; fileRef = A1719512FA05465E90783B24 /* settings.png */; };
		5063B4500B3A41DB870EB8DB /* settingsactive.png in Resources */ = {isa = PBXBuildFile; fileRef = 1BAFA761196D4C6FBF70CA30 /* settingsactive.png */; };
		C657D6DC3A804EDFA33BF3DB /* share.png in Resources */ = {isa = PBXBuildFile; fileRef = F9550CCAFFF447769191D56E /* share.png */; };
		9E0A77FC43FB436698B5D08A /* shop.png in Resources */ = {isa = PBXBuildFile; fileRef = 2A74A4BB37B24440A98FF513 /* shop.png */; };
		51FFCC1A30C24335961D9720 /* shopactive.png in Resources */ = {isa = PBXBuildFile; fileRef = 2273E40CADDF460889CE44D7 /* shopactive.png */; };
		9FD60C06AB0B48889441F2AD /* shopbg.png in Resources */ = {isa = PBXBuildFile; fileRef = C1DFC1A8C37A499F8F1228F6 /* shopbg.png */; };
		C2EB20AA74994621818141C6 /* sword.png in Resources */ = {isa = PBXBuildFile; fileRef = E378DFF1C67E41A39CA91434 /* sword.png */; };
		CE796FA58F204ABB9A184D8B /* swordfishstory.jpg in Resources */ = {isa = PBXBuildFile; fileRef = E39E03CD89664E3DB1CD2E42 /* swordfishstory.jpg */; };
		C3A1E68FE2734BEDA81CAFF2 /* tuna.png in Resources */ = {isa = PBXBuildFile; fileRef = 35502030B47A4C3C83E908AA /* tuna.png */; };
		D002CE3E731645AF889A0FCE /* tunastory.jpg in Resources */ = {isa = PBXBuildFile; fileRef = B2DFCD9C42174A7182B883B9 /* tunastory.jpg */; };
		B30463D71565420D9FFC21B6 /* a.jpg in Resources */ = {isa = PBXBuildFile; fileRef = 2CD4C08394E54C2A9B9EC50C /* a.jpg */; };
		FAB8D3075FCD4B1B89B9AFC1 /* d.jpg in Resources */ = {isa = PBXBuildFile; fileRef = 056D020A534D4025BE344B11 /* d.jpg */; };
		8D555463BF284E63AF122BCD /* g.jpg in Resources */ = {isa = PBXBuildFile; fileRef = 1B4BBAF106DF4D46B9F3E0AF /* g.jpg */; };
		E93D19B7849E4A069BC4F313 /* h.jpg in Resources */ = {isa = PBXBuildFile; fileRef = 26EBE4E23E20451AB15CA3AF /* h.jpg */; };
		4E399945AC5240DAAD74A649 /* i.jpg in Resources */ = {isa = PBXBuildFile; fileRef = E49CFB2D998B4FA38BA38BC6 /* i.jpg */; };
		687595ECA81444F5BF5C5760 /* j.jpg in Resources */ = {isa = PBXBuildFile; fileRef = 52A40575686144A29D9AB014 /* j.jpg */; };
		C97E4EA8697A47CCA6043B43 /* k.jpg in Resources */ = {isa = PBXBuildFile; fileRef = 46AF7677060246938C2CC0EF /* k.jpg */; };
		9FC71DEC72C24BE293FDD2FC /* l.jpg in Resources */ = {isa = PBXBuildFile; fileRef = EBD7DF8ECFEA49998BC8FB57 /* l.jpg */; };
		54B495CF5284433FA51187BB /* q.jpg in Resources */ = {isa = PBXBuildFile; fileRef = C06D0A1053CE4707A6B027D0 /* q.jpg */; };
		3EBC2D8E3EAA43D5B754E804 /* s.jpg in Resources */ = {isa = PBXBuildFile; fileRef = B97BD768E1D74EA08B6B1FAE /* s.jpg */; };
/* End PBXBuildFile section */

/* Begin PBXContainerItemProxy section */
		00E356F41AD99517003FC87E /* PBXContainerItemProxy */ = {
			isa = PBXContainerItemProxy;
			containerPortal = 83CBB9F71A601CBA00E9B192 /* Project object */;
			proxyType = 1;
			remoteGlobalIDString = 13B07F861A680F5B00A75B9A;
			remoteInfo = FishingTheme;
		};
/* End PBXContainerItemProxy section */

/* Begin PBXFileReference section */
		00E356EE1AD99517003FC87E /* FishingThemeTests.xctest */ = {isa = PBXFileReference; explicitFileType = wrapper.cfbundle; includeInIndex = 0; path = FishingThemeTests.xctest; sourceTree = BUILT_PRODUCTS_DIR; };
		00E356F11AD99517003FC87E /* Info.plist */ = {isa = PBXFileReference; lastKnownFileType = text.plist.xml; path = Info.plist; sourceTree = "<group>"; };
		00E356F21AD99517003FC87E /* FishingThemeTests.m */ = {isa = PBXFileReference; lastKnownFileType = sourcecode.c.objc; path = FishingThemeTests.m; sourceTree = "<group>"; };
		13B07F961A680F5B00A75B9A /* FishingTheme.app */ = {isa = PBXFileReference; explicitFileType = wrapper.application; includeInIndex = 0; path = FishingTheme.app; sourceTree = BUILT_PRODUCTS_DIR; };
		13B07FAF1A68108700A75B9A /* AppDelegate.h */ = {isa = PBXFileReference; fileEncoding = 4; lastKnownFileType = sourcecode.c.h; name = AppDelegate.h; path = FishingTheme/AppDelegate.h; sourceTree = "<group>"; };
		13B07FB01A68108700A75B9A /* AppDelegate.mm */ = {isa = PBXFileReference; fileEncoding = 4; lastKnownFileType = sourcecode.cpp.objcpp; name = AppDelegate.mm; path = FishingTheme/AppDelegate.mm; sourceTree = "<group>"; };
		13B07FB51A68108700A75B9A /* Images.xcassets */ = {isa = PBXFileReference; lastKnownFileType = folder.assetcatalog; name = Images.xcassets; path = FishingTheme/Images.xcassets; sourceTree = "<group>"; };
		13B07FB61A68108700A75B9A /* Info.plist */ = {isa = PBXFileReference; fileEncoding = 4; lastKnownFileType = text.plist.xml; name = Info.plist; path = FishingTheme/Info.plist; sourceTree = "<group>"; };
		13B07FB71A68108700A75B9A /* main.m */ = {isa = PBXFileReference; fileEncoding = 4; lastKnownFileType = sourcecode.c.objc; name = main.m; path = FishingTheme/main.m; sourceTree = "<group>"; };
		13B07FB81A68108700A75B9A /* PrivacyInfo.xcprivacy */ = {isa = PBXFileReference; fileEncoding = 4; lastKnownFileType = text.plist.xml; name = PrivacyInfo.xcprivacy; path = FishingTheme/PrivacyInfo.xcprivacy; sourceTree = "<group>"; };
		19F6CBCC0A4E27FBF8BF4A61 /* libPods-FishingTheme-FishingThemeTests.a */ = {isa = PBXFileReference; explicitFileType = archive.ar; includeInIndex = 0; path = "libPods-FishingTheme-FishingThemeTests.a"; sourceTree = BUILT_PRODUCTS_DIR; };
		3B4392A12AC88292D35C810B /* Pods-FishingTheme.debug.xcconfig */ = {isa = PBXFileReference; includeInIndex = 1; lastKnownFileType = text.xcconfig; name = "Pods-FishingTheme.debug.xcconfig"; path = "Target Support Files/Pods-FishingTheme/Pods-FishingTheme.debug.xcconfig"; sourceTree = "<group>"; };
		5709B34CF0A7D63546082F79 /* Pods-FishingTheme.release.xcconfig */ = {isa = PBXFileReference; includeInIndex = 1; lastKnownFileType = text.xcconfig; name = "Pods-FishingTheme.release.xcconfig"; path = "Target Support Files/Pods-FishingTheme/Pods-FishingTheme.release.xcconfig"; sourceTree = "<group>"; };
		5B7EB9410499542E8C5724F5 /* Pods-FishingTheme-FishingThemeTests.debug.xcconfig */ = {isa = PBXFileReference; includeInIndex = 1; lastKnownFileType = text.xcconfig; name = "Pods-FishingTheme-FishingThemeTests.debug.xcconfig"; path = "Target Support Files/Pods-FishingTheme-FishingThemeTests/Pods-FishingTheme-FishingThemeTests.debug.xcconfig"; sourceTree = "<group>"; };
		5DCACB8F33CDC322A6C60F78 /* libPods-FishingTheme.a */ = {isa = PBXFileReference; explicitFileType = archive.ar; includeInIndex = 0; path = "libPods-FishingTheme.a"; sourceTree = BUILT_PRODUCTS_DIR; };
		81AB9BB72411601600AC10FF /* LaunchScreen.storyboard */ = {isa = PBXFileReference; fileEncoding = 4; lastKnownFileType = file.storyboard; name = LaunchScreen.storyboard; path = FishingTheme/LaunchScreen.storyboard; sourceTree = "<group>"; };
		89C6BE57DB24E9ADA2F236DE /* Pods-FishingTheme-FishingThemeTests.release.xcconfig */ = {isa = PBXFileReference; includeInIndex = 1; lastKnownFileType = text.xcconfig; name = "Pods-FishingTheme-FishingThemeTests.release.xcconfig"; path = "Target Support Files/Pods-FishingTheme-FishingThemeTests/Pods-FishingTheme-FishingThemeTests.release.xcconfig"; sourceTree = "<group>"; };
		ED297162215061F000B7C4FE /* JavaScriptCore.framework */ = {isa = PBXFileReference; lastKnownFileType = wrapper.framework; name = JavaScriptCore.framework; path = System/Library/Frameworks/JavaScriptCore.framework; sourceTree = SDKROOT; };
		9372C8265F914606922BDB92 /* Montserrat-Black.ttf */ = {isa = PBXFileReference; name = "Montserrat-Black.ttf"; path = "../src/shared/assets/fonts/Montserrat-Black.ttf"; sourceTree = "<group>"; fileEncoding = undefined; lastKnownFileType = unknown; explicitFileType = undefined; includeInIndex = 0; };
		B3AC7B42017D4680BDE02FEC /* Montserrat-BlackItalic.ttf */ = {isa = PBXFileReference; name = "Montserrat-BlackItalic.ttf"; path = "../src/shared/assets/fonts/Montserrat-BlackItalic.ttf"; sourceTree = "<group>"; fileEncoding = undefined; lastKnownFileType = unknown; explicitFileType = undefined; includeInIndex = 0; };
		74B604C18E7844A5B91FA369 /* Montserrat-Bold.ttf */ = {isa = PBXFileReference; name = "Montserrat-Bold.ttf"; path = "../src/shared/assets/fonts/Montserrat-Bold.ttf"; sourceTree = "<group>"; fileEncoding = undefined; lastKnownFileType = unknown; explicitFileType = undefined; includeInIndex = 0; };
		40D35CFE30534CF195CE3A82 /* Montserrat-BoldItalic.ttf */ = {isa = PBXFileReference; name = "Montserrat-BoldItalic.ttf"; path = "../src/shared/assets/fonts/Montserrat-BoldItalic.ttf"; sourceTree = "<group>"; fileEncoding = undefined; lastKnownFileType = unknown; explicitFileType = undefined; includeInIndex = 0; };
		9143EA4F03454EFFB06146F3 /* Montserrat-ExtraBold.ttf */ = {isa = PBXFileReference; name = "Montserrat-ExtraBold.ttf"; path = "../src/shared/assets/fonts/Montserrat-ExtraBold.ttf"; sourceTree = "<group>"; fileEncoding = undefined; lastKnownFileType = unknown; explicitFileType = undefined; includeInIndex = 0; };
		2A0D03A0C20C46B78FBE7773 /* Montserrat-ExtraBoldItalic.ttf */ = {isa = PBXFileReference; name = "Montserrat-ExtraBoldItalic.ttf"; path = "../src/shared/assets/fonts/Montserrat-ExtraBoldItalic.ttf"; sourceTree = "<group>"; fileEncoding = undefined; lastKnownFileType = unknown; explicitFileType = undefined; includeInIndex = 0; };
		BB17901061D94FFF9E3D6455 /* Montserrat-ExtraLight.ttf */ = {isa = PBXFileReference; name = "Montserrat-ExtraLight.ttf"; path = "../src/shared/assets/fonts/Montserrat-ExtraLight.ttf"; sourceTree = "<group>"; fileEncoding = undefined; lastKnownFileType = unknown; explicitFileType = undefined; includeInIndex = 0; };
		B5BB42ED2D974D51A68E3C9B /* Montserrat-ExtraLightItalic.ttf */ = {isa = PBXFileReference; name = "Montserrat-ExtraLightItalic.ttf"; path = "../src/shared/assets/fonts/Montserrat-ExtraLightItalic.ttf"; sourceTree = "<group>"; fileEncoding = undefined; lastKnownFileType = unknown; explicitFileType = undefined; includeInIndex = 0; };
		08E1E71FDCE04996AD0492DC /* Montserrat-Italic.ttf */ = {isa = PBXFileReference; name = "Montserrat-Italic.ttf"; path = "../src/shared/assets/fonts/Montserrat-Italic.ttf"; sourceTree = "<group>"; fileEncoding = undefined; lastKnownFileType = unknown; explicitFileType = undefined; includeInIndex = 0; };
		D252A076E56D43638A268E99 /* Montserrat-Light.ttf */ = {isa = PBXFileReference; name = "Montserrat-Light.ttf"; path = "../src/shared/assets/fonts/Montserrat-Light.ttf"; sourceTree = "<group>"; fileEncoding = undefined; lastKnownFileType = unknown; explicitFileType = undefined; includeInIndex = 0; };
		EC783D478AA546909CC402A3 /* Montserrat-LightItalic.ttf */ = {isa = PBXFileReference; name = "Montserrat-LightItalic.ttf"; path = "../src/shared/assets/fonts/Montserrat-LightItalic.ttf"; sourceTree = "<group>"; fileEncoding = undefined; lastKnownFileType = unknown; explicitFileType = undefined; includeInIndex = 0; };
		64D2527133EB4A1EBCD8558A /* Montserrat-Medium.ttf */ = {isa = PBXFileReference; name = "Montserrat-Medium.ttf"; path = "../src/shared/assets/fonts/Montserrat-Medium.ttf"; sourceTree = "<group>"; fileEncoding = undefined; lastKnownFileType = unknown; explicitFileType = undefined; includeInIndex = 0; };
		4FF058F5ABAB4570987F7106 /* Montserrat-MediumItalic.ttf */ = {isa = PBXFileReference; name = "Montserrat-MediumItalic.ttf"; path = "../src/shared/assets/fonts/Montserrat-MediumItalic.ttf"; sourceTree = "<group>"; fileEncoding = undefined; lastKnownFileType = unknown; explicitFileType = undefined; includeInIndex = 0; };
		A02F9C687C8C4EC989B264A1 /* Montserrat-Regular.ttf */ = {isa = PBXFileReference; name = "Montserrat-Regular.ttf"; path = "../src/shared/assets/fonts/Montserrat-Regular.ttf"; sourceTree = "<group>"; fileEncoding = undefined; lastKnownFileType = unknown; explicitFileType = undefined; includeInIndex = 0; };
		50D306B8143E4878A004CD0A /* Montserrat-SemiBold.ttf */ = {isa = PBXFileReference; name = "Montserrat-SemiBold.ttf"; path = "../src/shared/assets/fonts/Montserrat-SemiBold.ttf"; sourceTree = "<group>"; fileEncoding = undefined; lastKnownFileType = unknown; explicitFileType = undefined; includeInIndex = 0; };
		2335D832C9E5423FA1B92EF1 /* Montserrat-SemiBoldItalic.ttf */ = {isa = PBXFileReference; name = "Montserrat-SemiBoldItalic.ttf"; path = "../src/shared/assets/fonts/Montserrat-SemiBoldItalic.ttf"; sourceTree = "<group>"; fileEncoding = undefined; lastKnownFileType = unknown; explicitFileType = undefined; includeInIndex = 0; };
		D171394FF3F6448DBB4BAE28 /* Montserrat-Thin.ttf */ = {isa = PBXFileReference; name = "Montserrat-Thin.ttf"; path = "../src/shared/assets/fonts/Montserrat-Thin.ttf"; sourceTree = "<group>"; fileEncoding = undefined; lastKnownFileType = unknown; explicitFileType = undefined; includeInIndex = 0; };
		04BE9950205C4FBC83C3C248 /* Montserrat-ThinItalic.ttf */ = {isa = PBXFileReference; name = "Montserrat-ThinItalic.ttf"; path = "../src/shared/assets/fonts/Montserrat-ThinItalic.ttf"; sourceTree = "<group>"; fileEncoding = undefined; lastKnownFileType = unknown; explicitFileType = undefined; includeInIndex = 0; };
		54002EEE359C4753815F42BB /* backgroundmusic.mp3 */ = {isa = PBXFileReference; name = "backgroundmusic.mp3"; path = "../src/shared/assets/music/backgroundmusic.mp3"; sourceTree = "<group>"; fileEncoding = undefined; lastKnownFileType = unknown; explicitFileType = undefined; includeInIndex = 0; };
		7C48BC467E7D4210816767F0 /* activeinfo.png */ = {isa = PBXFileReference; name = "activeinfo.png"; path = "../src/shared/assets/images/activeinfo.png"; sourceTree = "<group>"; fileEncoding = undefined; lastKnownFileType = unknown; explicitFileType = undefined; includeInIndex = 0; };
		3C1871BA0D5940779CAA5ACE /* angelfish.png */ = {isa = PBXFileReference; name = "angelfish.png"; path = "../src/shared/assets/images/angelfish.png"; sourceTree = "<group>"; fileEncoding = undefined; lastKnownFileType = unknown; explicitFileType = undefined; includeInIndex = 0; };
		A7C18B81B6C74906BD5DFCB8 /* angelfishstory.jpg */ = {isa = PBXFileReference; name = "angelfishstory.jpg"; path = "../src/shared/assets/images/angelfishstory.jpg"; sourceTree = "<group>"; fileEncoding = undefined; lastKnownFileType = unknown; explicitFileType = undefined; includeInIndex = 0; };
		C0557E7876964FCEB47F682C /* barracuda.png */ = {isa = PBXFileReference; name = "barracuda.png"; path = "../src/shared/assets/images/barracuda.png"; sourceTree = "<group>"; fileEncoding = undefined; lastKnownFileType = unknown; explicitFileType = undefined; includeInIndex = 0; };
		573EB2A563714DFC8C38EEBA /* barracudastory.jpg */ = {isa = PBXFileReference; name = "barracudastory.jpg"; path = "../src/shared/assets/images/barracudastory.jpg"; sourceTree = "<group>"; fileEncoding = undefined; lastKnownFileType = unknown; explicitFileType = undefined; includeInIndex = 0; };
		0F8950D657AC45E493A3F496 /* bookstory.jpeg */ = {isa = PBXFileReference; name = "bookstory.jpeg"; path = "../src/shared/assets/images/bookstory.jpeg"; sourceTree = "<group>"; fileEncoding = undefined; lastKnownFileType = unknown; explicitFileType = undefined; includeInIndex = 0; };
		8BCBDBF7F846475DA076E2B5 /* catfish.png */ = {isa = PBXFileReference; name = "catfish.png"; path = "../src/shared/assets/images/catfish.png"; sourceTree = "<group>"; fileEncoding = undefined; lastKnownFileType = unknown; explicitFileType = undefined; includeInIndex = 0; };
		C067E078360744A0904AED0A /* catfishstory.jpg */ = {isa = PBXFileReference; name = "catfishstory.jpg"; path = "../src/shared/assets/images/catfishstory.jpg"; sourceTree = "<group>"; fileEncoding = undefined; lastKnownFileType = unknown; explicitFileType = undefined; includeInIndex = 0; };
		0227FF0F578E4F66912FEE89 /* close.png */ = {isa = PBXFileReference; name = "close.png"; path = "../src/shared/assets/images/close.png"; sourceTree = "<group>"; fileEncoding = undefined; lastKnownFileType = unknown; explicitFileType = undefined; includeInIndex = 0; };
		1BC07C5E01C44D6D950AD4B6 /* clownfish.png */ = {isa = PBXFileReference; name = "clownfish.png"; path = "../src/shared/assets/images/clownfish.png"; sourceTree = "<group>"; fileEncoding = undefined; lastKnownFileType = unknown; explicitFileType = undefined; includeInIndex = 0; };
		454221FFCE4C40E288785E22 /* clownfishstory.jpg */ = {isa = PBXFileReference; name = "clownfishstory.jpg"; path = "../src/shared/assets/images/clownfishstory.jpg"; sourceTree = "<group>"; fileEncoding = undefined; lastKnownFileType = unknown; explicitFileType = undefined; includeInIndex = 0; };
		9C1E3B071F3A492FACE510FB /* eye.png */ = {isa = PBXFileReference; name = "eye.png"; path = "../src/shared/assets/images/eye.png"; sourceTree = "<group>"; fileEncoding = undefined; lastKnownFileType = unknown; explicitFileType = undefined; includeInIndex = 0; };
		542F9B01DB8B4752928667EB /* fishingbg.png */ = {isa = PBXFileReference; name = "fishingbg.png"; path = "../src/shared/assets/images/fishingbg.png"; sourceTree = "<group>"; fileEncoding = undefined; lastKnownFileType = unknown; explicitFileType = undefined; includeInIndex = 0; };
		A9581E4E45C04D15A5D8C801 /* goldfish.png */ = {isa = PBXFileReference; name = "goldfish.png"; path = "../src/shared/assets/images/goldfish.png"; sourceTree = "<group>"; fileEncoding = undefined; lastKnownFileType = unknown; explicitFileType = undefined; includeInIndex = 0; };
		2BEDEBEA18614FDABC80299B /* goldfishstory.jpg */ = {isa = PBXFileReference; name = "goldfishstory.jpg"; path = "../src/shared/assets/images/goldfishstory.jpg"; sourceTree = "<group>"; fileEncoding = undefined; lastKnownFileType = unknown; explicitFileType = undefined; includeInIndex = 0; };
		78F979C4757744368CC10D65 /* home.png */ = {isa = PBXFileReference; name = "home.png"; path = "../src/shared/assets/images/home.png"; sourceTree = "<group>"; fileEncoding = undefined; lastKnownFileType = unknown; explicitFileType = undefined; includeInIndex = 0; };
		E650031665534069BBAF4B51 /* homeactive.png */ = {isa = PBXFileReference; name = "homeactive.png"; path = "../src/shared/assets/images/homeactive.png"; sourceTree = "<group>"; fileEncoding = undefined; lastKnownFileType = unknown; explicitFileType = undefined; includeInIndex = 0; };
		A2B5B9A192CE4C25B5E941F4 /* imageplaceholder.png */ = {isa = PBXFileReference; name = "imageplaceholder.png"; path = "../src/shared/assets/images/imageplaceholder.png"; sourceTree = "<group>"; fileEncoding = undefined; lastKnownFileType = unknown; explicitFileType = undefined; includeInIndex = 0; };
		9AC92BD313A24CDAA66524E3 /* info.png */ = {isa = PBXFileReference; name = "info.png"; path = "../src/shared/assets/images/info.png"; sourceTree = "<group>"; fileEncoding = undefined; lastKnownFileType = unknown; explicitFileType = undefined; includeInIndex = 0; };
		51B5CA014DC346C8B7B524B2 /* location.png */ = {isa = PBXFileReference; name = "location.png"; path = "../src/shared/assets/images/location.png"; sourceTree = "<group>"; fileEncoding = undefined; lastKnownFileType = unknown; explicitFileType = undefined; includeInIndex = 0; };
		90179FDBA52C42C09C863C8B /* logo.png */ = {isa = PBXFileReference; name = "logo.png"; path = "../src/shared/assets/images/logo.png"; sourceTree = "<group>"; fileEncoding = undefined; lastKnownFileType = unknown; explicitFileType = undefined; includeInIndex = 0; };
		2E750E9929CB484A96C4DDF6 /* mainmenubg.jpeg */ = {isa = PBXFileReference; name = "mainmenubg.jpeg"; path = "../src/shared/assets/images/mainmenubg.jpeg"; sourceTree = "<group>"; fileEncoding = undefined; lastKnownFileType = unknown; explicitFileType = undefined; includeInIndex = 0; };
		F9F1B80787164D3AA9AEDFE0 /* marlin.png */ = {isa = PBXFileReference; name = "marlin.png"; path = "../src/shared/assets/images/marlin.png"; sourceTree = "<group>"; fileEncoding = undefined; lastKnownFileType = unknown; explicitFileType = undefined; includeInIndex = 0; };
		12BB9EA6DF2A418A944D6BB2 /* marlinstory.jpg */ = {isa = PBXFileReference; name = "marlinstory.jpg"; path = "../src/shared/assets/images/marlinstory.jpg"; sourceTree = "<group>"; fileEncoding = undefined; lastKnownFileType = unknown; explicitFileType = undefined; includeInIndex = 0; };
		9F0DCDE2E59C487BA941B7E9 /* pufferfish.png */ = {isa = PBXFileReference; name = "pufferfish.png"; path = "../src/shared/assets/images/pufferfish.png"; sourceTree = "<group>"; fileEncoding = undefined; lastKnownFileType = unknown; explicitFileType = undefined; includeInIndex = 0; };
		10F5BF41EDB44AF694F425A5 /* pufferfishstory.jpg */ = {isa = PBXFileReference; name = "pufferfishstory.jpg"; path = "../src/shared/assets/images/pufferfishstory.jpg"; sourceTree = "<group>"; fileEncoding = undefined; lastKnownFileType = unknown; explicitFileType = undefined; includeInIndex = 0; };
		A41A93A5CCAD4EFAA1F38169 /* salmon.png */ = {isa = PBXFileReference; name = "salmon.png"; path = "../src/shared/assets/images/salmon.png"; sourceTree = "<group>"; fileEncoding = undefined; lastKnownFileType = unknown; explicitFileType = undefined; includeInIndex = 0; };
		A052543A8A3A40E79A3D37AC /* salmonstory.jpg */ = {isa = PBXFileReference; name = "salmonstory.jpg"; path = "../src/shared/assets/images/salmonstory.jpg"; sourceTree = "<group>"; fileEncoding = undefined; lastKnownFileType = unknown; explicitFileType = undefined; includeInIndex = 0; };
		D1D75D5817BA4F1894E8C785 /* score.png */ = {isa = PBXFileReference; name = "score.png"; path = "../src/shared/assets/images/score.png"; sourceTree = "<group>"; fileEncoding = undefined; lastKnownFileType = unknown; explicitFileType = undefined; includeInIndex = 0; };
		A1719512FA05465E90783B24 /* settings.png */ = {isa = PBXFileReference; name = "settings.png"; path = "../src/shared/assets/images/settings.png"; sourceTree = "<group>"; fileEncoding = undefined; lastKnownFileType = unknown; explicitFileType = undefined; includeInIndex = 0; };
		1BAFA761196D4C6FBF70CA30 /* settingsactive.png */ = {isa = PBXFileReference; name = "settingsactive.png"; path = "../src/shared/assets/images/settingsactive.png"; sourceTree = "<group>"; fileEncoding = undefined; lastKnownFileType = unknown; explicitFileType = undefined; includeInIndex = 0; };
		F9550CCAFFF447769191D56E /* share.png */ = {isa = PBXFileReference; name = "share.png"; path = "../src/shared/assets/images/share.png"; sourceTree = "<group>"; fileEncoding = undefined; lastKnownFileType = unknown; explicitFileType = undefined; includeInIndex = 0; };
		2A74A4BB37B24440A98FF513 /* shop.png */ = {isa = PBXFileReference; name = "shop.png"; path = "../src/shared/assets/images/shop.png"; sourceTree = "<group>"; fileEncoding = undefined; lastKnownFileType = unknown; explicitFileType = undefined; includeInIndex = 0; };
		2273E40CADDF460889CE44D7 /* shopactive.png */ = {isa = PBXFileReference; name = "shopactive.png"; path = "../src/shared/assets/images/shopactive.png"; sourceTree = "<group>"; fileEncoding = undefined; lastKnownFileType = unknown; explicitFileType = undefined; includeInIndex = 0; };
		C1DFC1A8C37A499F8F1228F6 /* shopbg.png */ = {isa = PBXFileReference; name = "shopbg.png"; path = "../src/shared/assets/images/shopbg.png"; sourceTree = "<group>"; fileEncoding = undefined; lastKnownFileType = unknown; explicitFileType = undefined; includeInIndex = 0; };
		E378DFF1C67E41A39CA91434 /* sword.png */ = {isa = PBXFileReference; name = "sword.png"; path = "../src/shared/assets/images/sword.png"; sourceTree = "<group>"; fileEncoding = undefined; lastKnownFileType = unknown; explicitFileType = undefined; includeInIndex = 0; };
		E39E03CD89664E3DB1CD2E42 /* swordfishstory.jpg */ = {isa = PBXFileReference; name = "swordfishstory.jpg"; path = "../src/shared/assets/images/swordfishstory.jpg"; sourceTree = "<group>"; fileEncoding = undefined; lastKnownFileType = unknown; explicitFileType = undefined; includeInIndex = 0; };
		35502030B47A4C3C83E908AA /* tuna.png */ = {isa = PBXFileReference; name = "tuna.png"; path = "../src/shared/assets/images/tuna.png"; sourceTree = "<group>"; fileEncoding = undefined; lastKnownFileType = unknown; explicitFileType = undefined; includeInIndex = 0; };
		B2DFCD9C42174A7182B883B9 /* tunastory.jpg */ = {isa = PBXFileReference; name = "tunastory.jpg"; path = "../src/shared/assets/images/tunastory.jpg"; sourceTree = "<group>"; fileEncoding = undefined; lastKnownFileType = unknown; explicitFileType = undefined; includeInIndex = 0; };
		2CD4C08394E54C2A9B9EC50C /* a.jpg */ = {isa = PBXFileReference; name = "a.jpg"; path = "../src/shared/assets/images/a.jpg"; sourceTree = "<group>"; fileEncoding = undefined; lastKnownFileType = unknown; explicitFileType = undefined; includeInIndex = 0; };
		056D020A534D4025BE344B11 /* d.jpg */ = {isa = PBXFileReference; name = "d.jpg"; path = "../src/shared/assets/images/d.jpg"; sourceTree = "<group>"; fileEncoding = undefined; lastKnownFileType = unknown; explicitFileType = undefined; includeInIndex = 0; };
		1B4BBAF106DF4D46B9F3E0AF /* g.jpg */ = {isa = PBXFileReference; name = "g.jpg"; path = "../src/shared/assets/images/g.jpg"; sourceTree = "<group>"; fileEncoding = undefined; lastKnownFileType = unknown; explicitFileType = undefined; includeInIndex = 0; };
		26EBE4E23E20451AB15CA3AF /* h.jpg */ = {isa = PBXFileReference; name = "h.jpg"; path = "../src/shared/assets/images/h.jpg"; sourceTree = "<group>"; fileEncoding = undefined; lastKnownFileType = unknown; explicitFileType = undefined; includeInIndex = 0; };
		E49CFB2D998B4FA38BA38BC6 /* i.jpg */ = {isa = PBXFileReference; name = "i.jpg"; path = "../src/shared/assets/images/i.jpg"; sourceTree = "<group>"; fileEncoding = undefined; lastKnownFileType = unknown; explicitFileType = undefined; includeInIndex = 0; };
		52A40575686144A29D9AB014 /* j.jpg */ = {isa = PBXFileReference; name = "j.jpg"; path = "../src/shared/assets/images/j.jpg"; sourceTree = "<group>"; fileEncoding = undefined; lastKnownFileType = unknown; explicitFileType = undefined; includeInIndex = 0; };
		46AF7677060246938C2CC0EF /* k.jpg */ = {isa = PBXFileReference; name = "k.jpg"; path = "../src/shared/assets/images/k.jpg"; sourceTree = "<group>"; fileEncoding = undefined; lastKnownFileType = unknown; explicitFileType = undefined; includeInIndex = 0; };
		EBD7DF8ECFEA49998BC8FB57 /* l.jpg */ = {isa = PBXFileReference; name = "l.jpg"; path = "../src/shared/assets/images/l.jpg"; sourceTree = "<group>"; fileEncoding = undefined; lastKnownFileType = unknown; explicitFileType = undefined; includeInIndex = 0; };
		C06D0A1053CE4707A6B027D0 /* q.jpg */ = {isa = PBXFileReference; name = "q.jpg"; path = "../src/shared/assets/images/q.jpg"; sourceTree = "<group>"; fileEncoding = undefined; lastKnownFileType = unknown; explicitFileType = undefined; includeInIndex = 0; };
		B97BD768E1D74EA08B6B1FAE /* s.jpg */ = {isa = PBXFileReference; name = "s.jpg"; path = "../src/shared/assets/images/s.jpg"; sourceTree = "<group>"; fileEncoding = undefined; lastKnownFileType = unknown; explicitFileType = undefined; includeInIndex = 0; };
/* End PBXFileReference section */

/* Begin PBXFrameworksBuildPhase section */
		00E356EB1AD99517003FC87E /* Frameworks */ = {
			isa = PBXFrameworksBuildPhase;
			buildActionMask = 2147483647;
			files = (
				7699B88040F8A987B510C191 /* libPods-FishingTheme-FishingThemeTests.a in Frameworks */,
			);
			runOnlyForDeploymentPostprocessing = 0;
		};
		13B07F8C1A680F5B00A75B9A /* Frameworks */ = {
			isa = PBXFrameworksBuildPhase;
			buildActionMask = 2147483647;
			files = (
				0C80B921A6F3F58F76C31292 /* libPods-FishingTheme.a in Frameworks */,
			);
			runOnlyForDeploymentPostprocessing = 0;
		};
/* End PBXFrameworksBuildPhase section */

/* Begin PBXGroup section */
		00E356EF1AD99517003FC87E /* FishingThemeTests */ = {
			isa = PBXGroup;
			children = (
				00E356F21AD99517003FC87E /* FishingThemeTests.m */,
				00E356F01AD99517003FC87E /* Supporting Files */,
			);
			path = FishingThemeTests;
			sourceTree = "<group>";
		};
		00E356F01AD99517003FC87E /* Supporting Files */ = {
			isa = PBXGroup;
			children = (
				00E356F11AD99517003FC87E /* Info.plist */,
			);
			name = "Supporting Files";
			sourceTree = "<group>";
		};
		13B07FAE1A68108700A75B9A /* FishingTheme */ = {
			isa = PBXGroup;
			children = (
				13B07FAF1A68108700A75B9A /* AppDelegate.h */,
				13B07FB01A68108700A75B9A /* AppDelegate.mm */,
				13B07FB51A68108700A75B9A /* Images.xcassets */,
				13B07FB61A68108700A75B9A /* Info.plist */,
				81AB9BB72411601600AC10FF /* LaunchScreen.storyboard */,
				13B07FB71A68108700A75B9A /* main.m */,
				13B07FB81A68108700A75B9A /* PrivacyInfo.xcprivacy */,
			);
			name = FishingTheme;
			sourceTree = "<group>";
		};
		2D16E6871FA4F8E400B85C8A /* Frameworks */ = {
			isa = PBXGroup;
			children = (
				ED297162215061F000B7C4FE /* JavaScriptCore.framework */,
				5DCACB8F33CDC322A6C60F78 /* libPods-FishingTheme.a */,
				19F6CBCC0A4E27FBF8BF4A61 /* libPods-FishingTheme-FishingThemeTests.a */,
			);
			name = Frameworks;
			sourceTree = "<group>";
		};
		832341AE1AAA6A7D00B99B32 /* Libraries */ = {
			isa = PBXGroup;
			children = (
			);
			name = Libraries;
			sourceTree = "<group>";
		};
		83CBB9F61A601CBA00E9B192 = {
			isa = PBXGroup;
			children = (
				13B07FAE1A68108700A75B9A /* FishingTheme */,
				832341AE1AAA6A7D00B99B32 /* Libraries */,
				00E356EF1AD99517003FC87E /* FishingThemeTests */,
				83CBBA001A601CBA00E9B192 /* Products */,
				2D16E6871FA4F8E400B85C8A /* Frameworks */,
				BBD78D7AC51CEA395F1C20DB /* Pods */,
				ED120D3257564495B9AEE3B1 /* Resources */,
			);
			indentWidth = 2;
			sourceTree = "<group>";
			tabWidth = 2;
			usesTabs = 0;
		};
		83CBBA001A601CBA00E9B192 /* Products */ = {
			isa = PBXGroup;
			children = (
				13B07F961A680F5B00A75B9A /* FishingTheme.app */,
				00E356EE1AD99517003FC87E /* FishingThemeTests.xctest */,
			);
			name = Products;
			sourceTree = "<group>";
		};
		BBD78D7AC51CEA395F1C20DB /* Pods */ = {
			isa = PBXGroup;
			children = (
				3B4392A12AC88292D35C810B /* Pods-FishingTheme.debug.xcconfig */,
				5709B34CF0A7D63546082F79 /* Pods-FishingTheme.release.xcconfig */,
				5B7EB9410499542E8C5724F5 /* Pods-FishingTheme-FishingThemeTests.debug.xcconfig */,
				89C6BE57DB24E9ADA2F236DE /* Pods-FishingTheme-FishingThemeTests.release.xcconfig */,
			);
			path = Pods;
			sourceTree = "<group>";
		};
		ED120D3257564495B9AEE3B1 /* Resources */ = {
			isa = "PBXGroup";
			children = (
				9372C8265F914606922BDB92 /* Montserrat-Black.ttf */,
				B3AC7B42017D4680BDE02FEC /* Montserrat-BlackItalic.ttf */,
				74B604C18E7844A5B91FA369 /* Montserrat-Bold.ttf */,
				40D35CFE30534CF195CE3A82 /* Montserrat-BoldItalic.ttf */,
				9143EA4F03454EFFB06146F3 /* Montserrat-ExtraBold.ttf */,
				2A0D03A0C20C46B78FBE7773 /* Montserrat-ExtraBoldItalic.ttf */,
				BB17901061D94FFF9E3D6455 /* Montserrat-ExtraLight.ttf */,
				B5BB42ED2D974D51A68E3C9B /* Montserrat-ExtraLightItalic.ttf */,
				08E1E71FDCE04996AD0492DC /* Montserrat-Italic.ttf */,
				D252A076E56D43638A268E99 /* Montserrat-Light.ttf */,
				EC783D478AA546909CC402A3 /* Montserrat-LightItalic.ttf */,
				64D2527133EB4A1EBCD8558A /* Montserrat-Medium.ttf */,
				4FF058F5ABAB4570987F7106 /* Montserrat-MediumItalic.ttf */,
				A02F9C687C8C4EC989B264A1 /* Montserrat-Regular.ttf */,
				50D306B8143E4878A004CD0A /* Montserrat-SemiBold.ttf */,
				2335D832C9E5423FA1B92EF1 /* Montserrat-SemiBoldItalic.ttf */,
				D171394FF3F6448DBB4BAE28 /* Montserrat-Thin.ttf */,
				04BE9950205C4FBC83C3C248 /* Montserrat-ThinItalic.ttf */,
				54002EEE359C4753815F42BB /* backgroundmusic.mp3 */,
				7C48BC467E7D4210816767F0 /* activeinfo.png */,
				3C1871BA0D5940779CAA5ACE /* angelfish.png */,
				A7C18B81B6C74906BD5DFCB8 /* angelfishstory.jpg */,
				C0557E7876964FCEB47F682C /* barracuda.png */,
				573EB2A563714DFC8C38EEBA /* barracudastory.jpg */,
				0F8950D657AC45E493A3F496 /* bookstory.jpeg */,
				8BCBDBF7F846475DA076E2B5 /* catfish.png */,
				C067E078360744A0904AED0A /* catfishstory.jpg */,
				0227FF0F578E4F66912FEE89 /* close.png */,
				1BC07C5E01C44D6D950AD4B6 /* clownfish.png */,
				454221FFCE4C40E288785E22 /* clownfishstory.jpg */,
				9C1E3B071F3A492FACE510FB /* eye.png */,
				542F9B01DB8B4752928667EB /* fishingbg.png */,
				A9581E4E45C04D15A5D8C801 /* goldfish.png */,
				2BEDEBEA18614FDABC80299B /* goldfishstory.jpg */,
				78F979C4757744368CC10D65 /* home.png */,
				E650031665534069BBAF4B51 /* homeactive.png */,
				A2B5B9A192CE4C25B5E941F4 /* imageplaceholder.png */,
				9AC92BD313A24CDAA66524E3 /* info.png */,
				51B5CA014DC346C8B7B524B2 /* location.png */,
				90179FDBA52C42C09C863C8B /* logo.png */,
				2E750E9929CB484A96C4DDF6 /* mainmenubg.jpeg */,
				F9F1B80787164D3AA9AEDFE0 /* marlin.png */,
				12BB9EA6DF2A418A944D6BB2 /* marlinstory.jpg */,
				9F0DCDE2E59C487BA941B7E9 /* pufferfish.png */,
				10F5BF41EDB44AF694F425A5 /* pufferfishstory.jpg */,
				A41A93A5CCAD4EFAA1F38169 /* salmon.png */,
				A052543A8A3A40E79A3D37AC /* salmonstory.jpg */,
				D1D75D5817BA4F1894E8C785 /* score.png */,
				A1719512FA05465E90783B24 /* settings.png */,
				1BAFA761196D4C6FBF70CA30 /* settingsactive.png */,
				F9550CCAFFF447769191D56E /* share.png */,
				2A74A4BB37B24440A98FF513 /* shop.png */,
				2273E40CADDF460889CE44D7 /* shopactive.png */,
				C1DFC1A8C37A499F8F1228F6 /* shopbg.png */,
				E378DFF1C67E41A39CA91434 /* sword.png */,
				E39E03CD89664E3DB1CD2E42 /* swordfishstory.jpg */,
				35502030B47A4C3C83E908AA /* tuna.png */,
				B2DFCD9C42174A7182B883B9 /* tunastory.jpg */,
				2CD4C08394E54C2A9B9EC50C /* a.jpg */,
				056D020A534D4025BE344B11 /* d.jpg */,
				1B4BBAF106DF4D46B9F3E0AF /* g.jpg */,
				26EBE4E23E20451AB15CA3AF /* h.jpg */,
				E49CFB2D998B4FA38BA38BC6 /* i.jpg */,
				52A40575686144A29D9AB014 /* j.jpg */,
				46AF7677060246938C2CC0EF /* k.jpg */,
				EBD7DF8ECFEA49998BC8FB57 /* l.jpg */,
				C06D0A1053CE4707A6B027D0 /* q.jpg */,
				B97BD768E1D74EA08B6B1FAE /* s.jpg */,
			);
			name = Resources;
			sourceTree = "<group>";
			path = "";
		};
/* End PBXGroup section */

/* Begin PBXNativeTarget section */
		00E356ED1AD99517003FC87E /* FishingThemeTests */ = {
			isa = PBXNativeTarget;
			buildConfigurationList = 00E357021AD99517003FC87E /* Build configuration list for PBXNativeTarget "FishingThemeTests" */;
			buildPhases = (
				A55EABD7B0C7F3A422A6CC61 /* [CP] Check Pods Manifest.lock */,
				00E356EA1AD99517003FC87E /* Sources */,
				00E356EB1AD99517003FC87E /* Frameworks */,
				00E356EC1AD99517003FC87E /* Resources */,
				C59DA0FBD6956966B86A3779 /* [CP] Embed Pods Frameworks */,
				F6A41C54EA430FDDC6A6ED99 /* [CP] Copy Pods Resources */,
			);
			buildRules = (
			);
			dependencies = (
				00E356F51AD99517003FC87E /* PBXTargetDependency */,
			);
			name = FishingThemeTests;
			productName = FishingThemeTests;
			productReference = 00E356EE1AD99517003FC87E /* FishingThemeTests.xctest */;
			productType = "com.apple.product-type.bundle.unit-test";
		};
		13B07F861A680F5B00A75B9A /* FishingTheme */ = {
			isa = PBXNativeTarget;
			buildConfigurationList = 13B07F931A680F5B00A75B9A /* Build configuration list for PBXNativeTarget "FishingTheme" */;
			buildPhases = (
				C38B50BA6285516D6DCD4F65 /* [CP] Check Pods Manifest.lock */,
				13B07F871A680F5B00A75B9A /* Sources */,
				13B07F8C1A680F5B00A75B9A /* Frameworks */,
				13B07F8E1A680F5B00A75B9A /* Resources */,
				00DD1BFF1BD5951E006B06BC /* Bundle React Native code and images */,
				00EEFC60759A1932668264C0 /* [CP] Embed Pods Frameworks */,
				E235C05ADACE081382539298 /* [CP] Copy Pods Resources */,
			);
			buildRules = (
			);
			dependencies = (
			);
			name = FishingTheme;
			productName = FishingTheme;
			productReference = 13B07F961A680F5B00A75B9A /* FishingTheme.app */;
			productType = "com.apple.product-type.application";
		};
/* End PBXNativeTarget section */

/* Begin PBXProject section */
		83CBB9F71A601CBA00E9B192 /* Project object */ = {
			isa = PBXProject;
			attributes = {
				LastUpgradeCheck = 1210;
				TargetAttributes = {
					00E356ED1AD99517003FC87E = {
						CreatedOnToolsVersion = 6.2;
						TestTargetID = 13B07F861A680F5B00A75B9A;
					};
					13B07F861A680F5B00A75B9A = {
						LastSwiftMigration = 1120;
					};
				};
			};
			buildConfigurationList = 83CBB9FA1A601CBA00E9B192 /* Build configuration list for PBXProject "FishingTheme" */;
			compatibilityVersion = "Xcode 12.0";
			developmentRegion = en;
			hasScannedForEncodings = 0;
			knownRegions = (
				en,
				Base,
			);
			mainGroup = 83CBB9F61A601CBA00E9B192;
			productRefGroup = 83CBBA001A601CBA00E9B192 /* Products */;
			projectDirPath = "";
			projectRoot = "";
			targets = (
				13B07F861A680F5B00A75B9A /* FishingTheme */,
				00E356ED1AD99517003FC87E /* FishingThemeTests */,
			);
		};
/* End PBXProject section */

/* Begin PBXResourcesBuildPhase section */
		00E356EC1AD99517003FC87E /* Resources */ = {
			isa = PBXResourcesBuildPhase;
			buildActionMask = 2147483647;
			files = (
			);
			runOnlyForDeploymentPostprocessing = 0;
		};
		13B07F8E1A680F5B00A75B9A /* Resources */ = {
			isa = PBXResourcesBuildPhase;
			buildActionMask = 2147483647;
			files = (
				81AB9BB82411601600AC10FF /* LaunchScreen.storyboard in Resources */,
				13B07FBF1A68108700A75B9A /* Images.xcassets in Resources */,
				269EC6741FC945E19224DAE7 /* Montserrat-Black.ttf in Resources */,
				E35EE3ADDA794224813B8C55 /* Montserrat-BlackItalic.ttf in Resources */,
				FA5618CFE1624F3DBD927160 /* Montserrat-Bold.ttf in Resources */,
				083ECF2812EE4A8EA1832E24 /* Montserrat-BoldItalic.ttf in Resources */,
				9D91E2C57DA84D019874A926 /* Montserrat-ExtraBold.ttf in Resources */,
				C85BC17056784ADD8002E280 /* Montserrat-ExtraBoldItalic.ttf in Resources */,
				3523D960F80E4492937821EE /* Montserrat-ExtraLight.ttf in Resources */,
				F426DBA1E37F4F80A639E237 /* Montserrat-ExtraLightItalic.ttf in Resources */,
				D23EBEDB05184DC0951CCF2F /* Montserrat-Italic.ttf in Resources */,
				ECEF529133264CB7A5D77119 /* Montserrat-Light.ttf in Resources */,
				33940299667A4BE49E3A6005 /* Montserrat-LightItalic.ttf in Resources */,
				B6F92C043D7A4C2993788A6E /* Montserrat-Medium.ttf in Resources */,
				27773DA4D09746858269D463 /* Montserrat-MediumItalic.ttf in Resources */,
				D59A038B7BF84260AFD87F4F /* Montserrat-Regular.ttf in Resources */,
				9C029543F23B45DF95930B71 /* Montserrat-SemiBold.ttf in Resources */,
				992F9C0757E344E6B5613979 /* Montserrat-SemiBoldItalic.ttf in Resources */,
				F773E3E7D564477684D166E4 /* Montserrat-Thin.ttf in Resources */,
				C4439421F02A43F59CB40563 /* Montserrat-ThinItalic.ttf in Resources */,
				0C75F9E3009248B1867E3917 /* backgroundmusic.mp3 in Resources */,
				F6E3041D6EB54E3E9840EFB5 /* activeinfo.png in Resources */,
				BA043C5EC1E44257BC6F12B3 /* angelfish.png in Resources */,
				B6BB96BC4F2645868F119415 /* angelfishstory.jpg in Resources */,
				4A4E9CE315DA4111B6521370 /* barracuda.png in Resources */,
				5FA3F130941B43D28832A2C2 /* barracudastory.jpg in Resources */,
				B67FB79EFB7C44EEB234AAE2 /* bookstory.jpeg in Resources */,
				272FAF8C4C4B4627BF9043E1 /* catfish.png in Resources */,
				E78D8EA1C9A141869026456D /* catfishstory.jpg in Resources */,
				9BC60D9AC8894C0AAD817E99 /* close.png in Resources */,
				5AC472CD4D9D49EEB3556913 /* clownfish.png in Resources */,
				ABC3AC044E2247AB8F063383 /* clownfishstory.jpg in Resources */,
				52FBDCFDC5F2474B907C273A /* eye.png in Resources */,
				36AAE4B444E14776B6F93628 /* fishingbg.png in Resources */,
				BD04D96E36844087B8F88EF6 /* goldfish.png in Resources */,
				13B12FD6275A41D0917EF049 /* goldfishstory.jpg in Resources */,
				70935291B4044D32829C148B /* home.png in Resources */,
				D9B7B29D65F5492D91AD6F25 /* homeactive.png in Resources */,
				9C901C48CF2843F68C501A95 /* imageplaceholder.png in Resources */,
				F96927035FE44EACB3955910 /* info.png in Resources */,
				BF5E15FAD7F74094913F315D /* location.png in Resources */,
				CF3640284B35470C9E841892 /* logo.png in Resources */,
				114485AE75964389BD848204 /* mainmenubg.jpeg in Resources */,
				6D46B0D317A847CA9546B2C1 /* marlin.png in Resources */,
				20B1A05DEB724FCBAF2806CE /* marlinstory.jpg in Resources */,
				72706F35868A45479D37A878 /* pufferfish.png in Resources */,
				4B0C56DD64704CB897EED48C /* pufferfishstory.jpg in Resources */,
				662CDCF5098342CE924233B6 /* salmon.png in Resources */,
				5806B7ECBA5743FBBE2480A1 /* salmonstory.jpg in Resources */,
				9675924118C04A189812F9AA /* score.png in Resources */,
				398CBBB6C3D94B499F7E69B5 /* settings.png in Resources */,
				5063B4500B3A41DB870EB8DB /* settingsactive.png in Resources */,
				C657D6DC3A804EDFA33BF3DB /* share.png in Resources */,
				9E0A77FC43FB436698B5D08A /* shop.png in Resources */,
				51FFCC1A30C24335961D9720 /* shopactive.png in Resources */,
				9FD60C06AB0B48889441F2AD /* shopbg.png in Resources */,
				C2EB20AA74994621818141C6 /* sword.png in Resources */,
				CE796FA58F204ABB9A184D8B /* swordfishstory.jpg in Resources */,
				C3A1E68FE2734BEDA81CAFF2 /* tuna.png in Resources */,
				D002CE3E731645AF889A0FCE /* tunastory.jpg in Resources */,
				B30463D71565420D9FFC21B6 /* a.jpg in Resources */,
				FAB8D3075FCD4B1B89B9AFC1 /* d.jpg in Resources */,
				8D555463BF284E63AF122BCD /* g.jpg in Resources */,
				E93D19B7849E4A069BC4F313 /* h.jpg in Resources */,
				4E399945AC5240DAAD74A649 /* i.jpg in Resources */,
				687595ECA81444F5BF5C5760 /* j.jpg in Resources */,
				C97E4EA8697A47CCA6043B43 /* k.jpg in Resources */,
				9FC71DEC72C24BE293FDD2FC /* l.jpg in Resources */,
				54B495CF5284433FA51187BB /* q.jpg in Resources */,
				3EBC2D8E3EAA43D5B754E804 /* s.jpg in Resources */,
			);
			runOnlyForDeploymentPostprocessing = 0;
		};
/* End PBXResourcesBuildPhase section */

/* Begin PBXShellScriptBuildPhase section */
		00DD1BFF1BD5951E006B06BC /* Bundle React Native code and images */ = {
			isa = PBXShellScriptBuildPhase;
			buildActionMask = 2147483647;
			files = (
			);
			inputPaths = (
				"$(SRCROOT)/.xcode.env.local",
				"$(SRCROOT)/.xcode.env",
			);
			name = "Bundle React Native code and images";
			outputPaths = (
			);
			runOnlyForDeploymentPostprocessing = 0;
			shellPath = /bin/sh;
			shellScript = "set -e\n\nWITH_ENVIRONMENT=\"$REACT_NATIVE_PATH/scripts/xcode/with-environment.sh\"\nREACT_NATIVE_XCODE=\"$REACT_NATIVE_PATH/scripts/react-native-xcode.sh\"\n\n/bin/sh -c \"$WITH_ENVIRONMENT $REACT_NATIVE_XCODE\"\n";
		};
		00EEFC60759A1932668264C0 /* [CP] Embed Pods Frameworks */ = {
			isa = PBXShellScriptBuildPhase;
			buildActionMask = 2147483647;
			files = (
			);
			inputFileListPaths = (
				"${PODS_ROOT}/Target Support Files/Pods-FishingTheme/Pods-FishingTheme-frameworks-${CONFIGURATION}-input-files.xcfilelist",
			);
			name = "[CP] Embed Pods Frameworks";
			outputFileListPaths = (
				"${PODS_ROOT}/Target Support Files/Pods-FishingTheme/Pods-FishingTheme-frameworks-${CONFIGURATION}-output-files.xcfilelist",
			);
			runOnlyForDeploymentPostprocessing = 0;
			shellPath = /bin/sh;
			shellScript = "\"${PODS_ROOT}/Target Support Files/Pods-FishingTheme/Pods-FishingTheme-frameworks.sh\"\n";
			showEnvVarsInLog = 0;
		};
		A55EABD7B0C7F3A422A6CC61 /* [CP] Check Pods Manifest.lock */ = {
			isa = PBXShellScriptBuildPhase;
			buildActionMask = 2147483647;
			files = (
			);
			inputFileListPaths = (
			);
			inputPaths = (
				"${PODS_PODFILE_DIR_PATH}/Podfile.lock",
				"${PODS_ROOT}/Manifest.lock",
			);
			name = "[CP] Check Pods Manifest.lock";
			outputFileListPaths = (
			);
			outputPaths = (
				"$(DERIVED_FILE_DIR)/Pods-FishingTheme-FishingThemeTests-checkManifestLockResult.txt",
			);
			runOnlyForDeploymentPostprocessing = 0;
			shellPath = /bin/sh;
			shellScript = "diff \"${PODS_PODFILE_DIR_PATH}/Podfile.lock\" \"${PODS_ROOT}/Manifest.lock\" > /dev/null\nif [ $? != 0 ] ; then\n    # print error to STDERR\n    echo \"error: The sandbox is not in sync with the Podfile.lock. Run 'pod install' or update your CocoaPods installation.\" >&2\n    exit 1\nfi\n# This output is used by Xcode 'outputs' to avoid re-running this script phase.\necho \"SUCCESS\" > \"${SCRIPT_OUTPUT_FILE_0}\"\n";
			showEnvVarsInLog = 0;
		};
		C38B50BA6285516D6DCD4F65 /* [CP] Check Pods Manifest.lock */ = {
			isa = PBXShellScriptBuildPhase;
			buildActionMask = 2147483647;
			files = (
			);
			inputFileListPaths = (
			);
			inputPaths = (
				"${PODS_PODFILE_DIR_PATH}/Podfile.lock",
				"${PODS_ROOT}/Manifest.lock",
			);
			name = "[CP] Check Pods Manifest.lock";
			outputFileListPaths = (
			);
			outputPaths = (
				"$(DERIVED_FILE_DIR)/Pods-FishingTheme-checkManifestLockResult.txt",
			);
			runOnlyForDeploymentPostprocessing = 0;
			shellPath = /bin/sh;
			shellScript = "diff \"${PODS_PODFILE_DIR_PATH}/Podfile.lock\" \"${PODS_ROOT}/Manifest.lock\" > /dev/null\nif [ $? != 0 ] ; then\n    # print error to STDERR\n    echo \"error: The sandbox is not in sync with the Podfile.lock. Run 'pod install' or update your CocoaPods installation.\" >&2\n    exit 1\nfi\n# This output is used by Xcode 'outputs' to avoid re-running this script phase.\necho \"SUCCESS\" > \"${SCRIPT_OUTPUT_FILE_0}\"\n";
			showEnvVarsInLog = 0;
		};
		C59DA0FBD6956966B86A3779 /* [CP] Embed Pods Frameworks */ = {
			isa = PBXShellScriptBuildPhase;
			buildActionMask = 2147483647;
			files = (
			);
			inputFileListPaths = (
				"${PODS_ROOT}/Target Support Files/Pods-FishingTheme-FishingThemeTests/Pods-FishingTheme-FishingThemeTests-frameworks-${CONFIGURATION}-input-files.xcfilelist",
			);
			name = "[CP] Embed Pods Frameworks";
			outputFileListPaths = (
				"${PODS_ROOT}/Target Support Files/Pods-FishingTheme-FishingThemeTests/Pods-FishingTheme-FishingThemeTests-frameworks-${CONFIGURATION}-output-files.xcfilelist",
			);
			runOnlyForDeploymentPostprocessing = 0;
			shellPath = /bin/sh;
			shellScript = "\"${PODS_ROOT}/Target Support Files/Pods-FishingTheme-FishingThemeTests/Pods-FishingTheme-FishingThemeTests-frameworks.sh\"\n";
			showEnvVarsInLog = 0;
		};
		E235C05ADACE081382539298 /* [CP] Copy Pods Resources */ = {
			isa = PBXShellScriptBuildPhase;
			buildActionMask = 2147483647;
			files = (
			);
			inputFileListPaths = (
				"${PODS_ROOT}/Target Support Files/Pods-FishingTheme/Pods-FishingTheme-resources-${CONFIGURATION}-input-files.xcfilelist",
			);
			name = "[CP] Copy Pods Resources";
			outputFileListPaths = (
				"${PODS_ROOT}/Target Support Files/Pods-FishingTheme/Pods-FishingTheme-resources-${CONFIGURATION}-output-files.xcfilelist",
			);
			runOnlyForDeploymentPostprocessing = 0;
			shellPath = /bin/sh;
			shellScript = "\"${PODS_ROOT}/Target Support Files/Pods-FishingTheme/Pods-FishingTheme-resources.sh\"\n";
			showEnvVarsInLog = 0;
		};
		F6A41C54EA430FDDC6A6ED99 /* [CP] Copy Pods Resources */ = {
			isa = PBXShellScriptBuildPhase;
			buildActionMask = 2147483647;
			files = (
			);
			inputFileListPaths = (
				"${PODS_ROOT}/Target Support Files/Pods-FishingTheme-FishingThemeTests/Pods-FishingTheme-FishingThemeTests-resources-${CONFIGURATION}-input-files.xcfilelist",
			);
			name = "[CP] Copy Pods Resources";
			outputFileListPaths = (
				"${PODS_ROOT}/Target Support Files/Pods-FishingTheme-FishingThemeTests/Pods-FishingTheme-FishingThemeTests-resources-${CONFIGURATION}-output-files.xcfilelist",
			);
			runOnlyForDeploymentPostprocessing = 0;
			shellPath = /bin/sh;
			shellScript = "\"${PODS_ROOT}/Target Support Files/Pods-FishingTheme-FishingThemeTests/Pods-FishingTheme-FishingThemeTests-resources.sh\"\n";
			showEnvVarsInLog = 0;
		};
/* End PBXShellScriptBuildPhase section */

/* Begin PBXSourcesBuildPhase section */
		00E356EA1AD99517003FC87E /* Sources */ = {
			isa = PBXSourcesBuildPhase;
			buildActionMask = 2147483647;
			files = (
				00E356F31AD99517003FC87E /* FishingThemeTests.m in Sources */,
			);
			runOnlyForDeploymentPostprocessing = 0;
		};
		13B07F871A680F5B00A75B9A /* Sources */ = {
			isa = PBXSourcesBuildPhase;
			buildActionMask = 2147483647;
			files = (
				13B07FBC1A68108700A75B9A /* AppDelegate.mm in Sources */,
				13B07FC11A68108700A75B9A /* main.m in Sources */,
			);
			runOnlyForDeploymentPostprocessing = 0;
		};
/* End PBXSourcesBuildPhase section */

/* Begin PBXTargetDependency section */
		00E356F51AD99517003FC87E /* PBXTargetDependency */ = {
			isa = PBXTargetDependency;
			target = 13B07F861A680F5B00A75B9A /* FishingTheme */;
			targetProxy = 00E356F41AD99517003FC87E /* PBXContainerItemProxy */;
		};
/* End PBXTargetDependency section */

/* Begin XCBuildConfiguration section */
		00E356F61AD99517003FC87E /* Debug */ = {
			isa = XCBuildConfiguration;
			baseConfigurationReference = 5B7EB9410499542E8C5724F5 /* Pods-FishingTheme-FishingThemeTests.debug.xcconfig */;
			buildSettings = {
				BUNDLE_LOADER = "$(TEST_HOST)";
				GCC_PREPROCESSOR_DEFINITIONS = (
					"DEBUG=1",
					"$(inherited)",
				);
				INFOPLIST_FILE = FishingThemeTests/Info.plist;
				IPHONEOS_DEPLOYMENT_TARGET = 13.4;
				LD_RUNPATH_SEARCH_PATHS = (
					"$(inherited)",
					"@executable_path/Frameworks",
					"@loader_path/Frameworks",
				);
				OTHER_LDFLAGS = (
					"-ObjC",
					"-lc++",
					"$(inherited)",
				);
				PRODUCT_BUNDLE_IDENTIFIER = "org.reactjs.native.example.$(PRODUCT_NAME:rfc1034identifier)";
				PRODUCT_NAME = "$(TARGET_NAME)";
				TEST_HOST = "$(BUILT_PRODUCTS_DIR)/FishingTheme.app/FishingTheme";
			};
			name = Debug;
		};
		00E356F71AD99517003FC87E /* Release */ = {
			isa = XCBuildConfiguration;
			baseConfigurationReference = 89C6BE57DB24E9ADA2F236DE /* Pods-FishingTheme-FishingThemeTests.release.xcconfig */;
			buildSettings = {
				BUNDLE_LOADER = "$(TEST_HOST)";
				COPY_PHASE_STRIP = NO;
				INFOPLIST_FILE = FishingThemeTests/Info.plist;
				IPHONEOS_DEPLOYMENT_TARGET = 13.4;
				LD_RUNPATH_SEARCH_PATHS = (
					"$(inherited)",
					"@executable_path/Frameworks",
					"@loader_path/Frameworks",
				);
				OTHER_LDFLAGS = (
					"-ObjC",
					"-lc++",
					"$(inherited)",
				);
				PRODUCT_BUNDLE_IDENTIFIER = "org.reactjs.native.example.$(PRODUCT_NAME:rfc1034identifier)";
				PRODUCT_NAME = "$(TARGET_NAME)";
				TEST_HOST = "$(BUILT_PRODUCTS_DIR)/FishingTheme.app/FishingTheme";
			};
			name = Release;
		};
		13B07F941A680F5B00A75B9A /* Debug */ = {
			isa = XCBuildConfiguration;
			baseConfigurationReference = 3B4392A12AC88292D35C810B /* Pods-FishingTheme.debug.xcconfig */;
			buildSettings = {
				ASSETCATALOG_COMPILER_APPICON_NAME = AppIcon;
				CLANG_ENABLE_MODULES = YES;
				CURRENT_PROJECT_VERSION = 1;
				ENABLE_BITCODE = NO;
				INFOPLIST_FILE = FishingTheme/Info.plist;
				LD_RUNPATH_SEARCH_PATHS = (
					"$(inherited)",
					"@executable_path/Frameworks",
				);
				MARKETING_VERSION = 1.0;
				OTHER_LDFLAGS = (
					"$(inherited)",
					"-ObjC",
					"-lc++",
				);
				PRODUCT_BUNDLE_IDENTIFIER = "org.reactjs.native.example.$(PRODUCT_NAME:rfc1034identifier)";
				PRODUCT_NAME = FishingTheme;
				SWIFT_OPTIMIZATION_LEVEL = "-Onone";
				SWIFT_VERSION = 5.0;
				VERSIONING_SYSTEM = "apple-generic";
			};
			name = Debug;
		};
		13B07F951A680F5B00A75B9A /* Release */ = {
			isa = XCBuildConfiguration;
			baseConfigurationReference = 5709B34CF0A7D63546082F79 /* Pods-FishingTheme.release.xcconfig */;
			buildSettings = {
				ASSETCATALOG_COMPILER_APPICON_NAME = AppIcon;
				CLANG_ENABLE_MODULES = YES;
				CURRENT_PROJECT_VERSION = 1;
				INFOPLIST_FILE = FishingTheme/Info.plist;
				LD_RUNPATH_SEARCH_PATHS = (
					"$(inherited)",
					"@executable_path/Frameworks",
				);
				MARKETING_VERSION = 1.0;
				OTHER_LDFLAGS = (
					"$(inherited)",
					"-ObjC",
					"-lc++",
				);
				PRODUCT_BUNDLE_IDENTIFIER = "org.reactjs.native.example.$(PRODUCT_NAME:rfc1034identifier)";
				PRODUCT_NAME = FishingTheme;
				SWIFT_VERSION = 5.0;
				VERSIONING_SYSTEM = "apple-generic";
			};
			name = Release;
		};
		83CBBA201A601CBA00E9B192 /* Debug */ = {
			isa = XCBuildConfiguration;
			buildSettings = {
				ALWAYS_SEARCH_USER_PATHS = NO;
				CLANG_ANALYZER_LOCALIZABILITY_NONLOCALIZED = YES;
				CLANG_CXX_LANGUAGE_STANDARD = "c++20";
				CLANG_CXX_LIBRARY = "libc++";
				CLANG_ENABLE_MODULES = YES;
				CLANG_ENABLE_OBJC_ARC = YES;
				CLANG_WARN_BLOCK_CAPTURE_AUTORELEASING = YES;
				CLANG_WARN_BOOL_CONVERSION = YES;
				CLANG_WARN_COMMA = YES;
				CLANG_WARN_CONSTANT_CONVERSION = YES;
				CLANG_WARN_DEPRECATED_OBJC_IMPLEMENTATIONS = YES;
				CLANG_WARN_DIRECT_OBJC_ISA_USAGE = YES_ERROR;
				CLANG_WARN_EMPTY_BODY = YES;
				CLANG_WARN_ENUM_CONVERSION = YES;
				CLANG_WARN_INFINITE_RECURSION = YES;
				CLANG_WARN_INT_CONVERSION = YES;
				CLANG_WARN_NON_LITERAL_NULL_CONVERSION = YES;
				CLANG_WARN_OBJC_IMPLICIT_RETAIN_SELF = YES;
				CLANG_WARN_OBJC_LITERAL_CONVERSION = YES;
				CLANG_WARN_OBJC_ROOT_CLASS = YES_ERROR;
				CLANG_WARN_QUOTED_INCLUDE_IN_FRAMEWORK_HEADER = YES;
				CLANG_WARN_RANGE_LOOP_ANALYSIS = YES;
				CLANG_WARN_STRICT_PROTOTYPES = YES;
				CLANG_WARN_SUSPICIOUS_MOVE = YES;
				CLANG_WARN_UNREACHABLE_CODE = YES;
				CLANG_WARN__DUPLICATE_METHOD_MATCH = YES;
				"CODE_SIGN_IDENTITY[sdk=iphoneos*]" = "iPhone Developer";
				COPY_PHASE_STRIP = NO;
				ENABLE_STRICT_OBJC_MSGSEND = YES;
				ENABLE_TESTABILITY = YES;
				"EXCLUDED_ARCHS[sdk=iphonesimulator*]" = "";
				GCC_C_LANGUAGE_STANDARD = gnu99;
				GCC_DYNAMIC_NO_PIC = NO;
				GCC_NO_COMMON_BLOCKS = YES;
				GCC_OPTIMIZATION_LEVEL = 0;
				GCC_PREPROCESSOR_DEFINITIONS = (
					"DEBUG=1",
					"$(inherited)",
				);
				GCC_SYMBOLS_PRIVATE_EXTERN = NO;
				GCC_WARN_64_TO_32_BIT_CONVERSION = YES;
				GCC_WARN_ABOUT_RETURN_TYPE = YES_ERROR;
				GCC_WARN_UNDECLARED_SELECTOR = YES;
				GCC_WARN_UNINITIALIZED_AUTOS = YES_AGGRESSIVE;
				GCC_WARN_UNUSED_FUNCTION = YES;
				GCC_WARN_UNUSED_VARIABLE = YES;
				IPHONEOS_DEPLOYMENT_TARGET = 13.4;
				LD_RUNPATH_SEARCH_PATHS = (
					/usr/lib/swift,
					"$(inherited)",
				);
				LIBRARY_SEARCH_PATHS = (
					"\"$(SDKROOT)/usr/lib/swift\"",
					"\"$(TOOLCHAIN_DIR)/usr/lib/swift/$(PLATFORM_NAME)\"",
					"\"$(inherited)\"",
				);
				MTL_ENABLE_DEBUG_INFO = YES;
				ONLY_ACTIVE_ARCH = YES;
				OTHER_CPLUSPLUSFLAGS = (
					"$(OTHER_CFLAGS)",
					"-DFOLLY_NO_CONFIG",
					"-DFOLLY_MOBILE=1",
					"-DFOLLY_USE_LIBCPP=1",
					"-DFOLLY_CFG_NO_COROUTINES=1",
					"-DFOLLY_HAVE_CLOCK_GETTIME=1",
				);
				SDKROOT = iphoneos;
			};
			name = Debug;
		};
		83CBBA211A601CBA00E9B192 /* Release */ = {
			isa = XCBuildConfiguration;
			buildSettings = {
				ALWAYS_SEARCH_USER_PATHS = NO;
				CLANG_ANALYZER_LOCALIZABILITY_NONLOCALIZED = YES;
				CLANG_CXX_LANGUAGE_STANDARD = "c++20";
				CLANG_CXX_LIBRARY = "libc++";
				CLANG_ENABLE_MODULES = YES;
				CLANG_ENABLE_OBJC_ARC = YES;
				CLANG_WARN_BLOCK_CAPTURE_AUTORELEASING = YES;
				CLANG_WARN_BOOL_CONVERSION = YES;
				CLANG_WARN_COMMA = YES;
				CLANG_WARN_CONSTANT_CONVERSION = YES;
				CLANG_WARN_DEPRECATED_OBJC_IMPLEMENTATIONS = YES;
				CLANG_WARN_DIRECT_OBJC_ISA_USAGE = YES_ERROR;
				CLANG_WARN_EMPTY_BODY = YES;
				CLANG_WARN_ENUM_CONVERSION = YES;
				CLANG_WARN_INFINITE_RECURSION = YES;
				CLANG_WARN_INT_CONVERSION = YES;
				CLANG_WARN_NON_LITERAL_NULL_CONVERSION = YES;
				CLANG_WARN_OBJC_IMPLICIT_RETAIN_SELF = YES;
				CLANG_WARN_OBJC_LITERAL_CONVERSION = YES;
				CLANG_WARN_OBJC_ROOT_CLASS = YES_ERROR;
				CLANG_WARN_QUOTED_INCLUDE_IN_FRAMEWORK_HEADER = YES;
				CLANG_WARN_RANGE_LOOP_ANALYSIS = YES;
				CLANG_WARN_STRICT_PROTOTYPES = YES;
				CLANG_WARN_SUSPICIOUS_MOVE = YES;
				CLANG_WARN_UNREACHABLE_CODE = YES;
				CLANG_WARN__DUPLICATE_METHOD_MATCH = YES;
				"CODE_SIGN_IDENTITY[sdk=iphoneos*]" = "iPhone Developer";
				COPY_PHASE_STRIP = YES;
				ENABLE_NS_ASSERTIONS = NO;
				ENABLE_STRICT_OBJC_MSGSEND = YES;
				"EXCLUDED_ARCHS[sdk=iphonesimulator*]" = "";
				GCC_C_LANGUAGE_STANDARD = gnu99;
				GCC_NO_COMMON_BLOCKS = YES;
				GCC_WARN_64_TO_32_BIT_CONVERSION = YES;
				GCC_WARN_ABOUT_RETURN_TYPE = YES_ERROR;
				GCC_WARN_UNDECLARED_SELECTOR = YES;
				GCC_WARN_UNINITIALIZED_AUTOS = YES_AGGRESSIVE;
				GCC_WARN_UNUSED_FUNCTION = YES;
				GCC_WARN_UNUSED_VARIABLE = YES;
				IPHONEOS_DEPLOYMENT_TARGET = 13.4;
				LD_RUNPATH_SEARCH_PATHS = (
					/usr/lib/swift,
					"$(inherited)",
				);
				LIBRARY_SEARCH_PATHS = (
					"\"$(SDKROOT)/usr/lib/swift\"",
					"\"$(TOOLCHAIN_DIR)/usr/lib/swift/$(PLATFORM_NAME)\"",
					"\"$(inherited)\"",
				);
				MTL_ENABLE_DEBUG_INFO = NO;
				OTHER_CPLUSPLUSFLAGS = (
					"$(OTHER_CFLAGS)",
					"-DFOLLY_NO_CONFIG",
					"-DFOLLY_MOBILE=1",
					"-DFOLLY_USE_LIBCPP=1",
					"-DFOLLY_CFG_NO_COROUTINES=1",
					"-DFOLLY_HAVE_CLOCK_GETTIME=1",
				);
				SDKROOT = iphoneos;
				VALIDATE_PRODUCT = YES;
			};
			name = Release;
		};
/* End XCBuildConfiguration section */

/* Begin XCConfigurationList section */
		00E357021AD99517003FC87E /* Build configuration list for PBXNativeTarget "FishingThemeTests" */ = {
			isa = XCConfigurationList;
			buildConfigurations = (
				00E356F61AD99517003FC87E /* Debug */,
				00E356F71AD99517003FC87E /* Release */,
			);
			defaultConfigurationIsVisible = 0;
			defaultConfigurationName = Release;
		};
		13B07F931A680F5B00A75B9A /* Build configuration list for PBXNativeTarget "FishingTheme" */ = {
			isa = XCConfigurationList;
			buildConfigurations = (
				13B07F941A680F5B00A75B9A /* Debug */,
				13B07F951A680F5B00A75B9A /* Release */,
			);
			defaultConfigurationIsVisible = 0;
			defaultConfigurationName = Release;
		};
		83CBB9FA1A601CBA00E9B192 /* Build configuration list for PBXProject "FishingTheme" */ = {
			isa = XCConfigurationList;
			buildConfigurations = (
				83CBBA201A601CBA00E9B192 /* Debug */,
				83CBBA211A601CBA00E9B192 /* Release */,
			);
			defaultConfigurationIsVisible = 0;
			defaultConfigurationName = Release;
		};
/* End XCConfigurationList section */
	};
	rootObject = 83CBB9F71A601CBA00E9B192 /* Project object */;
}
